
Microsoft Visual Studio Solution File, Format Version 12.00
# Visual Studio Version 16
VisualStudioVersion = 16.0.30523.141
MinimumVisualStudioVersion = 10.0.40219.1
Project("{FAE04EC0-301F-11D3-BF4B-00C04F79EFBC}") = "Zeal-Institute", "Zeal-Institute\Zeal-Institute.csproj", "{326BE082-B8DB-4243-B7A5-53BFFCCF832E}"
EndProject
Global
	GlobalSection(SolutionConfigurationPlatforms) = preSolution
		Debug|Any CPU = Debug|Any CPU
		Release|Any CPU = Release|Any CPU
	EndGlobalSection
	GlobalSection(ProjectConfigurationPlatforms) = postSolution
		{326BE082-B8DB-4243-B7A5-53BFFCCF832E}.Debug|Any CPU.ActiveCfg = Debug|Any CPU
		{326BE082-B8DB-4243-B7A5-53BFFCCF832E}.Debug|Any CPU.Build.0 = Debug|Any CPU
		{326BE082-B8DB-4243-B7A5-53BFFCCF832E}.Release|Any CPU.ActiveCfg = Release|Any CPU
		{326BE082-B8DB-4243-B7A5-53BFFCCF832E}.Release|Any CPU.Build.0 = Release|Any CPU
	EndGlobalSection
	GlobalSection(SolutionProperties) = preSolution
		HideSolutionNode = FALSE
	EndGlobalSection
	GlobalSection(ExtensibilityGlobals) = postSolution
		SolutionGuid = {763B5203-23D1-4BA5-AF6D-F431E7A07748}
	EndGlobalSection
EndGlobal
